
Microsoft Visual Studio Solution File, Format Version 12.00
# Visual Studio Version 17
VisualStudioVersion = 17.10.35122.118
MinimumVisualStudioVersion = 10.0.40219.1
Project("{9A19103F-16F7-4668-BE54-9A1E7A4F7556}") = "SocialMedia", "SocialMedia.csproj", "{F8DF699F-B51C-4423-8BC6-C611CE40A13E}"
EndProject
Project("{FAE04EC0-301F-11D3-BF4B-00C04F79EFBC}") = "SocialMedia.Data", "..\SocialMedia.Data\SocialMedia.Data.csproj", "{541D03CE-5D28-4A59-A972-53C8BC0FC955}"
EndProject
Global
	GlobalSection(SolutionConfigurationPlatforms) = preSolution
		Debug|Any CPU = Debug|Any CPU
		Release|Any CPU = Release|Any CPU
	EndGlobalSection
	GlobalSection(ProjectConfigurationPlatforms) = postSolution
		{F8DF699F-B51C-4423-8BC6-C611CE40A13E}.Debug|Any CPU.ActiveCfg = Debug|Any CPU
		{F8DF699F-B51C-4423-8BC6-C611CE40A13E}.Debug|Any CPU.Build.0 = Debug|Any CPU
		{F8DF699F-B51C-4423-8BC6-C611CE40A13E}.Release|Any CPU.ActiveCfg = Release|Any CPU
		{F8DF699F-B51C-4423-8BC6-C611CE40A13E}.Release|Any CPU.Build.0 = Release|Any CPU
		{541D03CE-5D28-4A59-A972-53C8BC0FC955}.Debug|Any CPU.ActiveCfg = Debug|Any CPU
		{541D03CE-5D28-4A59-A972-53C8BC0FC955}.Debug|Any CPU.Build.0 = Debug|Any CPU
		{541D03CE-5D28-4A59-A972-53C8BC0FC955}.Release|Any CPU.ActiveCfg = Release|Any CPU
		{541D03CE-5D28-4A59-A972-53C8BC0FC955}.Release|Any CPU.Build.0 = Release|Any CPU
	EndGlobalSection
	GlobalSection(SolutionProperties) = preSolution
		HideSolutionNode = FALSE
	EndGlobalSection
	GlobalSection(ExtensibilityGlobals) = postSolution
		SolutionGuid = {0C68EA46-B7B5-4B87-84BB-782BA1E0ED55}
	EndGlobalSection
EndGlobal
